<?xml version="1.0" encoding="utf-8"?>
<Project ToolsVersion="4.0" xmlns="http://schemas.microsoft.com/developer/msbuild/2003">
  <ItemGroup>
    <Filter Include="Header">
      <UniqueIdentifier>{93995380-89BD-4b04-88EB-625FBE52EBFB}</UniqueIdentifier>
      <Extensions>h;hh;hpp;hxx;h++;hm;inl;inc;ipp;xsd</Extensions>
    </Filter>
    <Filter Include="Main">
      <UniqueIdentifier>{4FC737F1-C7A5-4376-A066-2A32D752A2FF}</UniqueIdentifier>
      <Extensions>cpp;c;cc;cxx;c++;cppm;ixx;def;odl;idl;hpj;bat;asm;asmx</Extensions>
    </Filter>
  </ItemGroup>
  <ItemGroup>
    <ClInclude Include="framework.h">
      <Filter>Header</Filter>
    </ClInclude>
    <ClInclude Include="pch.h">
      <Filter>Header</Filter>
    </ClInclude>
    <ClInclude Include="setting.h">
      <Filter>Header</Filter>
    </ClInclude>
    <ClInclude Include="Moudle.h">
      <Filter>Header</Filter>
    </ClInclude>
    <ClInclude Include="Helper.h">
      <Filter>Header</Filter>
    </ClInclude>
  </ItemGroup>
  <ItemGroup>
    <ClCompile Include="dllmain.cpp">
      <Filter>Main</Filter>
    </ClCompile>
    <ClCompile Include="pch.cpp">
      <Filter>Main</Filter>
    </ClCompile>
    <ClCompile Include="main.cpp">
      <Filter>Main</Filter>
    </ClCompile>
    <ClCompile Include="setting.cpp">
      <Filter>Main</Filter>
    </ClCompile>
    <ClCompile Include="BetterHarvestingCrop.cpp">
      <Filter>Main</Filter>
    </ClCompile>
    <ClCompile Include="Hook.cpp">
      <Filter>Main</Filter>
    </ClCompile>
    <ClCompile Include="FastSleep.cpp">
      <Filter>Main</Filter>
    </ClCompile>
    <ClCompile Include="Command.cpp">
      <Filter>Main</Filter>
    </ClCompile>
  </ItemGroup>
</Project>